
Microsoft Visual Studio Solution File, Format Version 12.00
# Visual Studio Version 16
VisualStudioVersion = 16.0.32630.194
MinimumVisualStudioVersion = 10.0.40219.1
Project("{FAE04EC0-301F-11D3-BF4B-00C04F79EFBC}") = "introPoo", "introPoo\introPoo.csproj", "{263C4529-14CD-4E9B-BB15-68F5D7FDFCD6}"
EndProject
Global
	GlobalSection(SolutionConfigurationPlatforms) = preSolution
		Debug|Any CPU = Debug|Any CPU
		Release|Any CPU = Release|Any CPU
	EndGlobalSection
	GlobalSection(ProjectConfigurationPlatforms) = postSolution
		{263C4529-14CD-4E9B-BB15-68F5D7FDFCD6}.Debug|Any CPU.ActiveCfg = Debug|Any CPU
		{263C4529-14CD-4E9B-BB15-68F5D7FDFCD6}.Debug|Any CPU.Build.0 = Debug|Any CPU
		{263C4529-14CD-4E9B-BB15-68F5D7FDFCD6}.Release|Any CPU.ActiveCfg = Release|Any CPU
		{263C4529-14CD-4E9B-BB15-68F5D7FDFCD6}.Release|Any CPU.Build.0 = Release|Any CPU
	EndGlobalSection
	GlobalSection(SolutionProperties) = preSolution
		HideSolutionNode = FALSE
	EndGlobalSection
	GlobalSection(ExtensibilityGlobals) = postSolution
		SolutionGuid = {245D7E03-9709-4D34-83F2-D7D8351355A4}
	EndGlobalSection
EndGlobal
