
Microsoft Visual Studio Solution File, Format Version 12.00
# Visual Studio Version 16
VisualStudioVersion = 16.0.32802.440
MinimumVisualStudioVersion = 10.0.40219.1
Project("{FAE04EC0-301F-11D3-BF4B-00C04F79EFBC}") = "introClasseAbstrata", "introClasseAbstrata\introClasseAbstrata.csproj", "{E4D86956-B74D-42AD-87B0-32272D1036E6}"
EndProject
Global
	GlobalSection(SolutionConfigurationPlatforms) = preSolution
		Debug|Any CPU = Debug|Any CPU
		Release|Any CPU = Release|Any CPU
	EndGlobalSection
	GlobalSection(ProjectConfigurationPlatforms) = postSolution
		{E4D86956-B74D-42AD-87B0-32272D1036E6}.Debug|Any CPU.ActiveCfg = Debug|Any CPU
		{E4D86956-B74D-42AD-87B0-32272D1036E6}.Debug|Any CPU.Build.0 = Debug|Any CPU
		{E4D86956-B74D-42AD-87B0-32272D1036E6}.Release|Any CPU.ActiveCfg = Release|Any CPU
		{E4D86956-B74D-42AD-87B0-32272D1036E6}.Release|Any CPU.Build.0 = Release|Any CPU
	EndGlobalSection
	GlobalSection(SolutionProperties) = preSolution
		HideSolutionNode = FALSE
	EndGlobalSection
	GlobalSection(ExtensibilityGlobals) = postSolution
		SolutionGuid = {A654C7ED-E9BC-4ECE-96B1-368276F3D9DD}
	EndGlobalSection
EndGlobal
